
Microsoft Visual Studio Solution File, Format Version 12.00
# Visual Studio Version 16
VisualStudioVersion = 16.0.30804.86
MinimumVisualStudioVersion = 10.0.40219.1
Project("{FAE04EC0-301F-11D3-BF4B-00C04F79EFBC}") = "MadLibs", "MadLibs\MadLibs.csproj", "{598AA4E0-E326-4946-83BD-47EDBFEF6FB6}"
EndProject
Global
	GlobalSection(SolutionConfigurationPlatforms) = preSolution
		Debug|Any CPU = Debug|Any CPU
		Release|Any CPU = Release|Any CPU
	EndGlobalSection
	GlobalSection(ProjectConfigurationPlatforms) = postSolution
		{598AA4E0-E326-4946-83BD-47EDBFEF6FB6}.Debug|Any CPU.ActiveCfg = Debug|Any CPU
		{598AA4E0-E326-4946-83BD-47EDBFEF6FB6}.Debug|Any CPU.Build.0 = Debug|Any CPU
		{598AA4E0-E326-4946-83BD-47EDBFEF6FB6}.Release|Any CPU.ActiveCfg = Release|Any CPU
		{598AA4E0-E326-4946-83BD-47EDBFEF6FB6}.Release|Any CPU.Build.0 = Release|Any CPU
	EndGlobalSection
	GlobalSection(SolutionProperties) = preSolution
		HideSolutionNode = FALSE
	EndGlobalSection
	GlobalSection(ExtensibilityGlobals) = postSolution
		SolutionGuid = {0713DA88-ED87-4F84-859C-0DCF6918371A}
	EndGlobalSection
EndGlobal
